
Microsoft Visual Studio Solution File, Format Version 12.00
# Visual Studio Version 17
VisualStudioVersion = 17.12.35527.113 d17.12
MinimumVisualStudioVersion = 10.0.40219.1
Project("{FC65038C-1B2F-41E1-A629-BED71D161FFF}") = "683_ImportCommandesMultiEntité (VAR) [Urbasolar]", "683_ImportCommandesMultiEntité\683_ImportCommandesMultiEntité.rnrproj", "{51F00903-4403-4DE2-9961-DB122CDB2060}"
EndProject
Global
	GlobalSection(SolutionConfigurationPlatforms) = preSolution
		Debug|Any CPU = Debug|Any CPU
	EndGlobalSection
	GlobalSection(ProjectConfigurationPlatforms) = postSolution
		{51F00903-4403-4DE2-9961-DB122CDB2060}.Debug|Any CPU.ActiveCfg = Debug|Any CPU
		{51F00903-4403-4DE2-9961-DB122CDB2060}.Debug|Any CPU.Build.0 = Debug|Any CPU
	EndGlobalSection
	GlobalSection(SolutionProperties) = preSolution
		HideSolutionNode = FALSE
	EndGlobalSection
	GlobalSection(TeamFoundationVersionControl) = preSolution
		SccNumberOfProjects = 2
		SccEnterpriseProvider = {4CA58AB2-18FA-4F8D-95D4-32DDF27D184C}
		SccTeamFoundationServer = https://dev.azure.com/urbasolard365finance
		SccLocalPath0 = .
		SccProjectUniqueName1 = 683_ImportCommandesMultiEntité\\683_ImportCommandesMultiEntité.rnrproj
		SccProjectName1 = 683_ImportCommandesMultiEntité
		SccLocalPath1 = 683_ImportCommandesMultiEntité
	EndGlobalSection
EndGlobal
