
Microsoft Visual Studio Solution File, Format Version 12.00
# Visual Studio Version 17
VisualStudioVersion = 17.11.35327.3
MinimumVisualStudioVersion = 10.0.40219.1
Project("{FC65038C-1B2F-41E1-A629-BED71D161FFF}") = "UBS-23_InterfaceSortanteDimensionFinanciere (VAR) [Urbasolar]", "UBS-23_InterfaceSortanteDimensionFinanciere\UBS-23_InterfaceSortanteDimensionFinanciere.rnrproj", "{2CAA1292-3EAA-44F6-B655-D6E1C11CAA8A}"
EndProject
Global
	GlobalSection(SolutionConfigurationPlatforms) = preSolution
		Debug|Any CPU = Debug|Any CPU
		Release|Any CPU = Release|Any CPU
	EndGlobalSection
	GlobalSection(ProjectConfigurationPlatforms) = postSolution
		{2CAA1292-3EAA-44F6-B655-D6E1C11CAA8A}.Debug|Any CPU.ActiveCfg = Debug|Any CPU
		{2CAA1292-3EAA-44F6-B655-D6E1C11CAA8A}.Debug|Any CPU.Build.0 = Debug|Any CPU
		{2CAA1292-3EAA-44F6-B655-D6E1C11CAA8A}.Release|Any CPU.ActiveCfg = Debug|Any CPU
		{2CAA1292-3EAA-44F6-B655-D6E1C11CAA8A}.Release|Any CPU.Build.0 = Debug|Any CPU
	EndGlobalSection
	GlobalSection(SolutionProperties) = preSolution
		HideSolutionNode = FALSE
	EndGlobalSection
	GlobalSection(ExtensibilityGlobals) = postSolution
		SolutionGuid = {2973FF05-BC30-4936-8815-D6EBD913574E}
	EndGlobalSection
	GlobalSection(TeamFoundationVersionControl) = preSolution
		SccNumberOfProjects = 2
		SccEnterpriseProvider = {4CA58AB2-18FA-4F8D-95D4-32DDF27D184C}
		SccTeamFoundationServer = https://dev.azure.com/urbasolard365finance
		SccLocalPath0 = .
		SccProjectUniqueName1 = UBS-23_InterfaceSortanteDimensionFinanciere\\UBS-23_InterfaceSortanteDimensionFinanciere.rnrproj
		SccProjectName1 = UBS-23_InterfaceSortanteDimensionFinanciere
		SccLocalPath1 = UBS-23_InterfaceSortanteDimensionFinanciere
	EndGlobalSection
EndGlobal
