
Microsoft Visual Studio Solution File, Format Version 12.00
# Visual Studio Version 17
VisualStudioVersion = 17.12.35527.113 d17.12
MinimumVisualStudioVersion = 10.0.40219.1
Project("{FC65038C-1B2F-41E1-A629-BED71D161FFF}") = "LM-679 (VAR) [Urbasolar]", "LM-679\LM-679.rnrproj", "{63080D95-01FE-4BF6-8978-5F21714ECC65}"
EndProject
Global
	GlobalSection(SolutionConfigurationPlatforms) = preSolution
		Debug|Any CPU = Debug|Any CPU
	EndGlobalSection
	GlobalSection(ProjectConfigurationPlatforms) = postSolution
		{63080D95-01FE-4BF6-8978-5F21714ECC65}.Debug|Any CPU.ActiveCfg = Debug|Any CPU
		{63080D95-01FE-4BF6-8978-5F21714ECC65}.Debug|Any CPU.Build.0 = Debug|Any CPU
	EndGlobalSection
	GlobalSection(SolutionProperties) = preSolution
		HideSolutionNode = FALSE
	EndGlobalSection
	GlobalSection(TeamFoundationVersionControl) = preSolution
		SccNumberOfProjects = 2
		SccEnterpriseProvider = {4CA58AB2-18FA-4F8D-95D4-32DDF27D184C}
		SccTeamFoundationServer = https://dev.azure.com/urbasolard365finance
		SccLocalPath0 = .
		SccProjectUniqueName1 = LM-679\\LM-679.rnrproj
		SccProjectName1 = LM-679
		SccLocalPath1 = LM-679
	EndGlobalSection
EndGlobal
