
Microsoft Visual Studio Solution File, Format Version 12.00
# Visual Studio Version 17
VisualStudioVersion = 17.11.35327.3
MinimumVisualStudioVersion = 10.0.40219.1
Project("{FC65038C-1B2F-41E1-A629-BED71D161FFF}") = "UBS-8_AlertesNiveauxDeStock (VAR) [Urbasolar]", "UBS-8_AlertesNiveauxDeStock\UBS-8_AlertesNiveauxDeStock.rnrproj", "{64063D3F-B4AE-4BA9-B7ED-C9EFEF03C7E8}"
EndProject
Global
	GlobalSection(SolutionConfigurationPlatforms) = preSolution
		Debug|Any CPU = Debug|Any CPU
	EndGlobalSection
	GlobalSection(ProjectConfigurationPlatforms) = postSolution
		{64063D3F-B4AE-4BA9-B7ED-C9EFEF03C7E8}.Debug|Any CPU.ActiveCfg = Debug|Any CPU
		{64063D3F-B4AE-4BA9-B7ED-C9EFEF03C7E8}.Debug|Any CPU.Build.0 = Debug|Any CPU
	EndGlobalSection
	GlobalSection(SolutionProperties) = preSolution
		HideSolutionNode = FALSE
	EndGlobalSection
	GlobalSection(ExtensibilityGlobals) = postSolution
		SolutionGuid = {676FB7F1-1CA2-4164-9CF2-8E3436B4D4E3}
	EndGlobalSection
	GlobalSection(TeamFoundationVersionControl) = preSolution
		SccNumberOfProjects = 2
		SccEnterpriseProvider = {4CA58AB2-18FA-4F8D-95D4-32DDF27D184C}
		SccTeamFoundationServer = https://dev.azure.com/labdevms
		SccLocalPath0 = .
		SccProjectUniqueName1 = UBS-8_AlertesNiveauxDeStock\\UBS-8_AlertesNiveauxDeStock.rnrproj
		SccProjectName1 = UBS-8_AlertesNiveauxDeStock
		SccLocalPath1 = UBS-8_AlertesNiveauxDeStock
	EndGlobalSection
EndGlobal
