
Microsoft Visual Studio Solution File, Format Version 12.00
# Visual Studio Version 17
VisualStudioVersion = 17.11.35327.3
MinimumVisualStudioVersion = 10.0.40219.1
Project("{FC65038C-1B2F-41E1-A629-BED71D161FFF}") = "UP-18_VendorInvoiceInterface (VAR) [Urbasolar]", "UP-18_VendorInvoiceInterface.rnrproj", "{AE0503FF-1D49-4222-9A7F-32B69FBE861B}"
EndProject
Project("{FAE04EC0-301F-11D3-BF4B-00C04F79EFBC}") = "UBSInterfaceToolkit", "..\UBSInterfaceToolkit\UBSInterfaceToolkit\UBSInterfaceToolkit.csproj", "{40AE7E59-9350-4886-9255-495FE307027C}"
EndProject
Global
	GlobalSection(SolutionConfigurationPlatforms) = preSolution
		Debug|Any CPU = Debug|Any CPU
		Release|Any CPU = Release|Any CPU
	EndGlobalSection
	GlobalSection(ProjectConfigurationPlatforms) = postSolution
		{AE0503FF-1D49-4222-9A7F-32B69FBE861B}.Debug|Any CPU.ActiveCfg = Debug|Any CPU
		{AE0503FF-1D49-4222-9A7F-32B69FBE861B}.Debug|Any CPU.Build.0 = Debug|Any CPU
		{AE0503FF-1D49-4222-9A7F-32B69FBE861B}.Release|Any CPU.ActiveCfg = Debug|Any CPU
		{AE0503FF-1D49-4222-9A7F-32B69FBE861B}.Release|Any CPU.Build.0 = Debug|Any CPU
		{40AE7E59-9350-4886-9255-495FE307027C}.Debug|Any CPU.ActiveCfg = Debug|Any CPU
		{40AE7E59-9350-4886-9255-495FE307027C}.Debug|Any CPU.Build.0 = Debug|Any CPU
		{40AE7E59-9350-4886-9255-495FE307027C}.Release|Any CPU.ActiveCfg = Release|Any CPU
		{40AE7E59-9350-4886-9255-495FE307027C}.Release|Any CPU.Build.0 = Release|Any CPU
	EndGlobalSection
	GlobalSection(SolutionProperties) = preSolution
		HideSolutionNode = FALSE
	EndGlobalSection
	GlobalSection(ExtensibilityGlobals) = postSolution
		SolutionGuid = {2595DACC-F58B-40B1-B6DD-9A39DE63C14E}
	EndGlobalSection
	GlobalSection(TeamFoundationVersionControl) = preSolution
		SccNumberOfProjects = 3
		SccEnterpriseProvider = {4CA58AB2-18FA-4F8D-95D4-32DDF27D184C}
		SccTeamFoundationServer = https://dev.azure.com/urbasolard365finance
		SccProjectUniqueName0 = ..\\UBSInterfaceToolkit\\UBSInterfaceToolkit\\UBSInterfaceToolkit.csproj
		SccProjectName0 = ../UBSInterfaceToolkit/UBSInterfaceToolkit
		SccLocalPath0 = ..\\UBSInterfaceToolkit\\UBSInterfaceToolkit
		SccLocalPath1 = .
		SccProjectUniqueName2 = UP-18_VendorInvoiceInterface.rnrproj
		SccLocalPath2 = .
	EndGlobalSection
EndGlobal
